
Microsoft Visual Studio Solution File, Format Version 12.00
# Visual Studio Version 16
VisualStudioVersion = 16.0.31105.61
MinimumVisualStudioVersion = 10.0.40219.1
Project("{FAE04EC0-301F-11D3-BF4B-00C04F79EFBC}") = "OlioOhjelmointi2", "OlioOhjelmointi2\OlioOhjelmointi2.csproj", "{C5633245-79E7-43B7-8B2A-6D78EEE12551}"
EndProject
Global
	GlobalSection(SolutionConfigurationPlatforms) = preSolution
		Debug|Any CPU = Debug|Any CPU
		Release|Any CPU = Release|Any CPU
	EndGlobalSection
	GlobalSection(ProjectConfigurationPlatforms) = postSolution
		{C5633245-79E7-43B7-8B2A-6D78EEE12551}.Debug|Any CPU.ActiveCfg = Debug|Any CPU
		{C5633245-79E7-43B7-8B2A-6D78EEE12551}.Debug|Any CPU.Build.0 = Debug|Any CPU
		{C5633245-79E7-43B7-8B2A-6D78EEE12551}.Release|Any CPU.ActiveCfg = Release|Any CPU
		{C5633245-79E7-43B7-8B2A-6D78EEE12551}.Release|Any CPU.Build.0 = Release|Any CPU
	EndGlobalSection
	GlobalSection(SolutionProperties) = preSolution
		HideSolutionNode = FALSE
	EndGlobalSection
	GlobalSection(ExtensibilityGlobals) = postSolution
		SolutionGuid = {EA4C1CBB-7069-4683-8ACC-A5D24586928E}
	EndGlobalSection
EndGlobal
