
Microsoft Visual Studio Solution File, Format Version 12.00
# Visual Studio Version 16
VisualStudioVersion = 16.0.31105.61
MinimumVisualStudioVersion = 10.0.40219.1
Project("{FAE04EC0-301F-11D3-BF4B-00C04F79EFBC}") = "GeneerisetTietotyypit", "GeneerisetTietotyypit\GeneerisetTietotyypit.csproj", "{D62A8D91-D100-4F9E-87A3-34111C20C838}"
EndProject
Global
	GlobalSection(SolutionConfigurationPlatforms) = preSolution
		Debug|Any CPU = Debug|Any CPU
		Release|Any CPU = Release|Any CPU
	EndGlobalSection
	GlobalSection(ProjectConfigurationPlatforms) = postSolution
		{D62A8D91-D100-4F9E-87A3-34111C20C838}.Debug|Any CPU.ActiveCfg = Debug|Any CPU
		{D62A8D91-D100-4F9E-87A3-34111C20C838}.Debug|Any CPU.Build.0 = Debug|Any CPU
		{D62A8D91-D100-4F9E-87A3-34111C20C838}.Release|Any CPU.ActiveCfg = Release|Any CPU
		{D62A8D91-D100-4F9E-87A3-34111C20C838}.Release|Any CPU.Build.0 = Release|Any CPU
	EndGlobalSection
	GlobalSection(SolutionProperties) = preSolution
		HideSolutionNode = FALSE
	EndGlobalSection
	GlobalSection(ExtensibilityGlobals) = postSolution
		SolutionGuid = {113746D8-D229-407F-AA7A-542F0A6ED2D6}
	EndGlobalSection
EndGlobal
